
Microsoft Visual Studio Solution File, Format Version 12.00
# Visual Studio 15
VisualStudioVersion = 15.0.27703.2042
MinimumVisualStudioVersion = 10.0.40219.1
Project("{FAE04EC0-301F-11D3-BF4B-00C04F79EFBC}") = "RetangleArea", "RetangleArea\RetangleArea.csproj", "{AD4733E7-2C16-41C0-A41B-3851457D9D96}"
EndProject
Global
	GlobalSection(SolutionConfigurationPlatforms) = preSolution
		Debug|Any CPU = Debug|Any CPU
		Release|Any CPU = Release|Any CPU
	EndGlobalSection
	GlobalSection(ProjectConfigurationPlatforms) = postSolution
		{AD4733E7-2C16-41C0-A41B-3851457D9D96}.Debug|Any CPU.ActiveCfg = Debug|Any CPU
		{AD4733E7-2C16-41C0-A41B-3851457D9D96}.Debug|Any CPU.Build.0 = Debug|Any CPU
		{AD4733E7-2C16-41C0-A41B-3851457D9D96}.Release|Any CPU.ActiveCfg = Release|Any CPU
		{AD4733E7-2C16-41C0-A41B-3851457D9D96}.Release|Any CPU.Build.0 = Release|Any CPU
	EndGlobalSection
	GlobalSection(SolutionProperties) = preSolution
		HideSolutionNode = FALSE
	EndGlobalSection
	GlobalSection(ExtensibilityGlobals) = postSolution
		SolutionGuid = {1B059F81-DC14-4038-9876-F17C56420458}
	EndGlobalSection
EndGlobal
